
Microsoft Visual Studio Solution File, Format Version 12.00
# Visual Studio Version 16
VisualStudioVersion = 16.0.30406.217
MinimumVisualStudioVersion = 10.0.40219.1
Project("{FAE04EC0-301F-11D3-BF4B-00C04F79EFBC}") = "FIT5032_Week02", "FIT5032_Week02\FIT5032_Week02.csproj", "{85EDE0BF-027F-42DE-A442-2CF670B369D6}"
EndProject
Project("{FAE04EC0-301F-11D3-BF4B-00C04F79EFBC}") = "FIT5032_Week02.Tests", "FIT5032_Week02.Tests\FIT5032_Week02.Tests.csproj", "{5E460F2D-FB20-4083-A513-C2B89DE3DE35}"
EndProject
Global
	GlobalSection(SolutionConfigurationPlatforms) = preSolution
		Debug|Any CPU = Debug|Any CPU
		Release|Any CPU = Release|Any CPU
	EndGlobalSection
	GlobalSection(ProjectConfigurationPlatforms) = postSolution
		{85EDE0BF-027F-42DE-A442-2CF670B369D6}.Debug|Any CPU.ActiveCfg = Debug|Any CPU
		{85EDE0BF-027F-42DE-A442-2CF670B369D6}.Debug|Any CPU.Build.0 = Debug|Any CPU
		{85EDE0BF-027F-42DE-A442-2CF670B369D6}.Release|Any CPU.ActiveCfg = Release|Any CPU
		{85EDE0BF-027F-42DE-A442-2CF670B369D6}.Release|Any CPU.Build.0 = Release|Any CPU
		{5E460F2D-FB20-4083-A513-C2B89DE3DE35}.Debug|Any CPU.ActiveCfg = Debug|Any CPU
		{5E460F2D-FB20-4083-A513-C2B89DE3DE35}.Debug|Any CPU.Build.0 = Debug|Any CPU
		{5E460F2D-FB20-4083-A513-C2B89DE3DE35}.Release|Any CPU.ActiveCfg = Release|Any CPU
		{5E460F2D-FB20-4083-A513-C2B89DE3DE35}.Release|Any CPU.Build.0 = Release|Any CPU
	EndGlobalSection
	GlobalSection(SolutionProperties) = preSolution
		HideSolutionNode = FALSE
	EndGlobalSection
	GlobalSection(ExtensibilityGlobals) = postSolution
		SolutionGuid = {D1854C29-E377-45A5-A7AC-2BE8E3B953E5}
	EndGlobalSection
EndGlobal
